
Microsoft Visual Studio Solution File, Format Version 12.00
# Visual Studio Version 17
VisualStudioVersion = 17.8.34525.116
MinimumVisualStudioVersion = 10.0.40219.1
Project("{9A19103F-16F7-4668-BE54-9A1E7A4F7556}") = "StudentCURD", "StudentCURD\StudentCURD.csproj", "{8A61A061-629B-4DD2-8075-6323DF461DF4}"
EndProject
Project("{FAE04EC0-301F-11D3-BF4B-00C04F79EFBC}") = "Core", "Core\Core.csproj", "{31C78A5F-AA21-4D51-B4D2-5D277EF9EA80}"
EndProject
Project("{FAE04EC0-301F-11D3-BF4B-00C04F79EFBC}") = "Infrastructure", "Infrastructure\Infrastructure.csproj", "{4C16E9B8-5278-4237-B05F-7087F468758B}"
EndProject
Global
	GlobalSection(SolutionConfigurationPlatforms) = preSolution
		Debug|Any CPU = Debug|Any CPU
		Release|Any CPU = Release|Any CPU
	EndGlobalSection
	GlobalSection(ProjectConfigurationPlatforms) = postSolution
		{8A61A061-629B-4DD2-8075-6323DF461DF4}.Debug|Any CPU.ActiveCfg = Debug|Any CPU
		{8A61A061-629B-4DD2-8075-6323DF461DF4}.Debug|Any CPU.Build.0 = Debug|Any CPU
		{8A61A061-629B-4DD2-8075-6323DF461DF4}.Release|Any CPU.ActiveCfg = Release|Any CPU
		{8A61A061-629B-4DD2-8075-6323DF461DF4}.Release|Any CPU.Build.0 = Release|Any CPU
		{31C78A5F-AA21-4D51-B4D2-5D277EF9EA80}.Debug|Any CPU.ActiveCfg = Debug|Any CPU
		{31C78A5F-AA21-4D51-B4D2-5D277EF9EA80}.Debug|Any CPU.Build.0 = Debug|Any CPU
		{31C78A5F-AA21-4D51-B4D2-5D277EF9EA80}.Release|Any CPU.ActiveCfg = Release|Any CPU
		{31C78A5F-AA21-4D51-B4D2-5D277EF9EA80}.Release|Any CPU.Build.0 = Release|Any CPU
		{4C16E9B8-5278-4237-B05F-7087F468758B}.Debug|Any CPU.ActiveCfg = Debug|Any CPU
		{4C16E9B8-5278-4237-B05F-7087F468758B}.Debug|Any CPU.Build.0 = Debug|Any CPU
		{4C16E9B8-5278-4237-B05F-7087F468758B}.Release|Any CPU.ActiveCfg = Release|Any CPU
		{4C16E9B8-5278-4237-B05F-7087F468758B}.Release|Any CPU.Build.0 = Release|Any CPU
	EndGlobalSection
	GlobalSection(SolutionProperties) = preSolution
		HideSolutionNode = FALSE
	EndGlobalSection
	GlobalSection(ExtensibilityGlobals) = postSolution
		SolutionGuid = {C468FC36-7EAF-4103-9A2C-13653BB8C9D4}
	EndGlobalSection
EndGlobal
